<?xml version="1.0" encoding="utf-8"?>
<Project ToolsVersion="4.0" xmlns="http://schemas.microsoft.com/developer/msbuild/2003">
  <ItemGroup>
    <Filter Include="Header Files">
      <UniqueIdentifier>{93995380-89BD-4b04-88EB-625FBE52EBFB}</UniqueIdentifier>
      <Extensions>h;hpp;hxx;hm;inl;inc;xsd</Extensions>
    </Filter>
    <Filter Include="Source Files">
      <UniqueIdentifier>{4FC737F1-C7A5-4376-A066-2A32D752A2FF}</UniqueIdentifier>
      <Extensions>cpp;c;cc;cxx;def;odl;idl;hpj;bat;asm;asmx</Extensions>
    </Filter>
    <Filter Include="Source Files\Resource Files">
      <UniqueIdentifier>{67DA6AB6-F800-4c08-8B7A-83BB121AAD01}</UniqueIdentifier>
      <Extensions>rc;ico;cur;bmp;dlg;rc2;rct;bin;rgs;gif;jpg;jpeg;jpe;resx;tiff;tif;png;wav</Extensions>
    </Filter>
  </ItemGroup>
  <ItemGroup>
    <ClInclude Include="..\code\CalBissecao.h">
      <Filter>Header Files</Filter>
    </ClInclude>
    <ClInclude Include="..\code\CalDireto.h">
      <Filter>Header Files</Filter>
    </ClInclude>
    <ClInclude Include="..\code\CalFirmino.h">
      <Filter>Header Files</Filter>
    </ClInclude>
    <ClInclude Include="..\code\Calibration.h">
      <Filter>Header Files</Filter>
    </ClInclude>
    <ClInclude Include="..\CalibrationWrapper\CalibrationWrapper\CalibrationWrapper.h">
      <Filter>Header Files</Filter>
    </ClInclude>
    <ClInclude Include="..\code\EngineFacade.h">
      <Filter>Header Files</Filter>
    </ClInclude>
    <ClInclude Include="..\code\Miscelanices.h">
      <Filter>Header Files</Filter>
    </ClInclude>
    <ClInclude Include="..\code\Stdafx.h">
      <Filter>Header Files</Filter>
    </ClInclude>
    <ClInclude Include="..\..\griddyGibbsSampling\engine\BBN_Auxiliar.h">
      <Filter>Source Files</Filter>
    </ClInclude>
    <ClInclude Include="..\..\griddyGibbsSampling\engine\Dirac.h">
      <Filter>Header Files</Filter>
    </ClInclude>
    <ClInclude Include="..\..\griddyGibbsSampling\engine\Density.h">
      <Filter>Header Files</Filter>
    </ClInclude>
    <ClInclude Include="..\..\griddyGibbsSampling\engine\Binomial.h">
      <Filter>Header Files</Filter>
    </ClInclude>
    <ClInclude Include="..\..\griddyGibbsSampling\engine\Multinomial.h">
      <Filter>Header Files</Filter>
    </ClInclude>
    <ClInclude Include="..\code\cdflib.h">
      <Filter>Header Files</Filter>
    </ClInclude>
    <ClInclude Include="..\..\griddyGibbsSampling\engine\Lichtenstein.h">
      <Filter>Header Files</Filter>
    </ClInclude>
  </ItemGroup>
  <ItemGroup>
    <ClCompile Include="..\code\CalBissecao.cpp">
      <Filter>Source Files</Filter>
    </ClCompile>
    <ClCompile Include="..\code\CalDireto.cpp">
      <Filter>Source Files</Filter>
    </ClCompile>
    <ClCompile Include="..\code\CalFirmino.cpp">
      <Filter>Source Files</Filter>
    </ClCompile>
    <ClCompile Include="..\code\Calibration.cpp">
      <Filter>Source Files</Filter>
    </ClCompile>
    <ClCompile Include="..\code\DLL_Facade.cpp">
      <Filter>Source Files</Filter>
    </ClCompile>
    <ClCompile Include="..\code\EngineFacade.cpp">
      <Filter>Source Files</Filter>
    </ClCompile>
    <ClCompile Include="..\code\Stdafx.cpp">
      <Filter>Source Files</Filter>
    </ClCompile>
    <ClCompile Include="..\code\Main.cpp">
      <Filter>Source Files</Filter>
    </ClCompile>
    <ClCompile Include="..\..\griddyGibbsSampling\engine\GGS_Calibration.cpp">
      <Filter>Source Files</Filter>
    </ClCompile>
    <ClCompile Include="..\..\griddyGibbsSampling\engine\Dirac.cpp">
      <Filter>Source Files</Filter>
    </ClCompile>
    <ClCompile Include="..\..\griddyGibbsSampling\engine\Density.cpp">
      <Filter>Source Files</Filter>
    </ClCompile>
    <ClCompile Include="..\code\CalibrationInterface.cpp">
      <Filter>Source Files</Filter>
    </ClCompile>
    <ClCompile Include="..\code\TrustDistribution.cpp">
      <Filter>Source Files</Filter>
    </ClCompile>
    <ClCompile Include="..\..\griddyGibbsSampling\engine\Binomial.cpp">
      <Filter>Source Files</Filter>
    </ClCompile>
    <ClCompile Include="..\..\griddyGibbsSampling\engine\Multinomial.cpp">
      <Filter>Source Files</Filter>
    </ClCompile>
    <ClCompile Include="..\code\dcdflib.cpp">
      <Filter>Source Files</Filter>
    </ClCompile>
    <ClCompile Include="..\..\griddyGibbsSampling\engine\Lichtenstein.cpp">
      <Filter>Source Files</Filter>
    </ClCompile>
  </ItemGroup>
</Project>